
Microsoft Visual Studio Solution File, Format Version 12.00
# Visual Studio Version 17
VisualStudioVersion = 17.3.32811.315
MinimumVisualStudioVersion = 10.0.40219.1
Project("{9A19103F-16F7-4668-BE54-9A1E7A4F7556}") = "plusMinus", "HackerRank\plusMinus.csproj", "{36B85411-DE89-48A6-B0A7-E6DB218B8ACB}"
EndProject
Project("{9A19103F-16F7-4668-BE54-9A1E7A4F7556}") = "DivisibleSumPairs", "DivisibleSumPairs\DivisibleSumPairs.csproj", "{19FA4D34-4C10-47CE-B607-2187738DC365}"
EndProject
Project("{9A19103F-16F7-4668-BE54-9A1E7A4F7556}") = "MatchingStrings", "MatchingStrings\MatchingStrings.csproj", "{275C4073-CD9E-4C86-A9D4-99F958C58AFE}"
EndProject
Project("{9A19103F-16F7-4668-BE54-9A1E7A4F7556}") = "LonelyInteger", "LonelyInteger\LonelyInteger.csproj", "{C18FA30D-2B4D-4953-BFDD-07EA56C741F9}"
EndProject
Project("{9A19103F-16F7-4668-BE54-9A1E7A4F7556}") = "GradingStudents", "GradingStudents\GradingStudents.csproj", "{B3281682-5DDE-4601-A1C3-8F4970F111DD}"
EndProject
Project("{9A19103F-16F7-4668-BE54-9A1E7A4F7556}") = "FlippingBits", "FlippingBits\FlippingBits.csproj", "{1BE1DE23-A313-4E2D-9B85-3C6879CFEE06}"
EndProject
Project("{9A19103F-16F7-4668-BE54-9A1E7A4F7556}") = "DiagonalDifference", "DiagonalDifference\DiagonalDifference.csproj", "{32293466-A277-499F-891D-6487E7EA79A6}"
EndProject
Project("{9A19103F-16F7-4668-BE54-9A1E7A4F7556}") = "CountingSort", "ComparisonSorting\CountingSort.csproj", "{4CDDE0CF-C8CA-4275-BFCD-9B1B610F98B5}"
EndProject
Project("{9A19103F-16F7-4668-BE54-9A1E7A4F7556}") = "CountingValleys", "CountingValleys\CountingValleys.csproj", "{EDB51779-EC88-4FD3-9047-295B3D8C0AE7}"
EndProject
Project("{9A19103F-16F7-4668-BE54-9A1E7A4F7556}") = "Pangrams", "Pangrams\Pangrams.csproj", "{5B6F7601-31A2-41D4-A2E0-7470AEFDB2F0}"
EndProject
Project("{9A19103F-16F7-4668-BE54-9A1E7A4F7556}") = "MarsExploration", "MarsExploration\MarsExploration.csproj", "{181D76E1-8AD2-4890-9B05-FA005C50010C}"
EndProject
Project("{9A19103F-16F7-4668-BE54-9A1E7A4F7556}") = "FlippingMatrix", "FlippingMatrix\FlippingMatrix.csproj", "{EF269C90-3414-4D67-8EB4-F3BD2EF148BA}"
EndProject
Project("{FAE04EC0-301F-11D3-BF4B-00C04F79EFBC}") = "TwoArrays", "TwoArrays\TwoArrays.csproj", "{04C5127B-EE2F-41EA-A3BD-119A0908C603}"
EndProject
Project("{FAE04EC0-301F-11D3-BF4B-00C04F79EFBC}") = "Birthday", "Birthday\Birthday.csproj", "{4A119873-0746-4676-A658-F3034A14CF06}"
EndProject
Global
	GlobalSection(SolutionConfigurationPlatforms) = preSolution
		Debug|Any CPU = Debug|Any CPU
		Release|Any CPU = Release|Any CPU
	EndGlobalSection
	GlobalSection(ProjectConfigurationPlatforms) = postSolution
		{36B85411-DE89-48A6-B0A7-E6DB218B8ACB}.Debug|Any CPU.ActiveCfg = Debug|Any CPU
		{36B85411-DE89-48A6-B0A7-E6DB218B8ACB}.Debug|Any CPU.Build.0 = Debug|Any CPU
		{36B85411-DE89-48A6-B0A7-E6DB218B8ACB}.Release|Any CPU.ActiveCfg = Release|Any CPU
		{36B85411-DE89-48A6-B0A7-E6DB218B8ACB}.Release|Any CPU.Build.0 = Release|Any CPU
		{19FA4D34-4C10-47CE-B607-2187738DC365}.Debug|Any CPU.ActiveCfg = Debug|Any CPU
		{19FA4D34-4C10-47CE-B607-2187738DC365}.Debug|Any CPU.Build.0 = Debug|Any CPU
		{19FA4D34-4C10-47CE-B607-2187738DC365}.Release|Any CPU.ActiveCfg = Release|Any CPU
		{19FA4D34-4C10-47CE-B607-2187738DC365}.Release|Any CPU.Build.0 = Release|Any CPU
		{275C4073-CD9E-4C86-A9D4-99F958C58AFE}.Debug|Any CPU.ActiveCfg = Debug|Any CPU
		{275C4073-CD9E-4C86-A9D4-99F958C58AFE}.Debug|Any CPU.Build.0 = Debug|Any CPU
		{275C4073-CD9E-4C86-A9D4-99F958C58AFE}.Release|Any CPU.ActiveCfg = Release|Any CPU
		{275C4073-CD9E-4C86-A9D4-99F958C58AFE}.Release|Any CPU.Build.0 = Release|Any CPU
		{C18FA30D-2B4D-4953-BFDD-07EA56C741F9}.Debug|Any CPU.ActiveCfg = Debug|Any CPU
		{C18FA30D-2B4D-4953-BFDD-07EA56C741F9}.Debug|Any CPU.Build.0 = Debug|Any CPU
		{C18FA30D-2B4D-4953-BFDD-07EA56C741F9}.Release|Any CPU.ActiveCfg = Release|Any CPU
		{C18FA30D-2B4D-4953-BFDD-07EA56C741F9}.Release|Any CPU.Build.0 = Release|Any CPU
		{B3281682-5DDE-4601-A1C3-8F4970F111DD}.Debug|Any CPU.ActiveCfg = Debug|Any CPU
		{B3281682-5DDE-4601-A1C3-8F4970F111DD}.Debug|Any CPU.Build.0 = Debug|Any CPU
		{B3281682-5DDE-4601-A1C3-8F4970F111DD}.Release|Any CPU.ActiveCfg = Release|Any CPU
		{B3281682-5DDE-4601-A1C3-8F4970F111DD}.Release|Any CPU.Build.0 = Release|Any CPU
		{1BE1DE23-A313-4E2D-9B85-3C6879CFEE06}.Debug|Any CPU.ActiveCfg = Debug|Any CPU
		{1BE1DE23-A313-4E2D-9B85-3C6879CFEE06}.Debug|Any CPU.Build.0 = Debug|Any CPU
		{1BE1DE23-A313-4E2D-9B85-3C6879CFEE06}.Release|Any CPU.ActiveCfg = Release|Any CPU
		{1BE1DE23-A313-4E2D-9B85-3C6879CFEE06}.Release|Any CPU.Build.0 = Release|Any CPU
		{32293466-A277-499F-891D-6487E7EA79A6}.Debug|Any CPU.ActiveCfg = Debug|Any CPU
		{32293466-A277-499F-891D-6487E7EA79A6}.Debug|Any CPU.Build.0 = Debug|Any CPU
		{32293466-A277-499F-891D-6487E7EA79A6}.Release|Any CPU.ActiveCfg = Release|Any CPU
		{32293466-A277-499F-891D-6487E7EA79A6}.Release|Any CPU.Build.0 = Release|Any CPU
		{4CDDE0CF-C8CA-4275-BFCD-9B1B610F98B5}.Debug|Any CPU.ActiveCfg = Debug|Any CPU
		{4CDDE0CF-C8CA-4275-BFCD-9B1B610F98B5}.Debug|Any CPU.Build.0 = Debug|Any CPU
		{4CDDE0CF-C8CA-4275-BFCD-9B1B610F98B5}.Release|Any CPU.ActiveCfg = Release|Any CPU
		{4CDDE0CF-C8CA-4275-BFCD-9B1B610F98B5}.Release|Any CPU.Build.0 = Release|Any CPU
		{EDB51779-EC88-4FD3-9047-295B3D8C0AE7}.Debug|Any CPU.ActiveCfg = Debug|Any CPU
		{EDB51779-EC88-4FD3-9047-295B3D8C0AE7}.Debug|Any CPU.Build.0 = Debug|Any CPU
		{EDB51779-EC88-4FD3-9047-295B3D8C0AE7}.Release|Any CPU.ActiveCfg = Release|Any CPU
		{EDB51779-EC88-4FD3-9047-295B3D8C0AE7}.Release|Any CPU.Build.0 = Release|Any CPU
		{5B6F7601-31A2-41D4-A2E0-7470AEFDB2F0}.Debug|Any CPU.ActiveCfg = Debug|Any CPU
		{5B6F7601-31A2-41D4-A2E0-7470AEFDB2F0}.Debug|Any CPU.Build.0 = Debug|Any CPU
		{5B6F7601-31A2-41D4-A2E0-7470AEFDB2F0}.Release|Any CPU.ActiveCfg = Release|Any CPU
		{5B6F7601-31A2-41D4-A2E0-7470AEFDB2F0}.Release|Any CPU.Build.0 = Release|Any CPU
		{181D76E1-8AD2-4890-9B05-FA005C50010C}.Debug|Any CPU.ActiveCfg = Debug|Any CPU
		{181D76E1-8AD2-4890-9B05-FA005C50010C}.Debug|Any CPU.Build.0 = Debug|Any CPU
		{181D76E1-8AD2-4890-9B05-FA005C50010C}.Release|Any CPU.ActiveCfg = Release|Any CPU
		{181D76E1-8AD2-4890-9B05-FA005C50010C}.Release|Any CPU.Build.0 = Release|Any CPU
		{EF269C90-3414-4D67-8EB4-F3BD2EF148BA}.Debug|Any CPU.ActiveCfg = Debug|Any CPU
		{EF269C90-3414-4D67-8EB4-F3BD2EF148BA}.Debug|Any CPU.Build.0 = Debug|Any CPU
		{EF269C90-3414-4D67-8EB4-F3BD2EF148BA}.Release|Any CPU.ActiveCfg = Release|Any CPU
		{EF269C90-3414-4D67-8EB4-F3BD2EF148BA}.Release|Any CPU.Build.0 = Release|Any CPU
		{04C5127B-EE2F-41EA-A3BD-119A0908C603}.Debug|Any CPU.ActiveCfg = Debug|Any CPU
		{04C5127B-EE2F-41EA-A3BD-119A0908C603}.Debug|Any CPU.Build.0 = Debug|Any CPU
		{04C5127B-EE2F-41EA-A3BD-119A0908C603}.Release|Any CPU.ActiveCfg = Release|Any CPU
		{04C5127B-EE2F-41EA-A3BD-119A0908C603}.Release|Any CPU.Build.0 = Release|Any CPU
		{4A119873-0746-4676-A658-F3034A14CF06}.Debug|Any CPU.ActiveCfg = Debug|Any CPU
		{4A119873-0746-4676-A658-F3034A14CF06}.Debug|Any CPU.Build.0 = Debug|Any CPU
		{4A119873-0746-4676-A658-F3034A14CF06}.Release|Any CPU.ActiveCfg = Release|Any CPU
		{4A119873-0746-4676-A658-F3034A14CF06}.Release|Any CPU.Build.0 = Release|Any CPU
	EndGlobalSection
	GlobalSection(SolutionProperties) = preSolution
		HideSolutionNode = FALSE
	EndGlobalSection
	GlobalSection(ExtensibilityGlobals) = postSolution
		SolutionGuid = {1640E67D-7276-4848-BFE1-073A0A9D8AAD}
	EndGlobalSection
EndGlobal
